
Microsoft Visual Studio Solution File, Format Version 12.00
# Visual Studio Version 17
VisualStudioVersion = 17.3.32825.248
MinimumVisualStudioVersion = 10.0.40219.1
Project("{2150E333-8FDC-42A3-9474-1A3956D46DE8}") = "01. Api", "01. Api", "{5700138C-517A-459B-A34D-EC223611D646}"
EndProject
Project("{2150E333-8FDC-42A3-9474-1A3956D46DE8}") = "02. Domain", "02. Domain", "{174DC536-CCFC-45D1-A1DD-DC89558AA4EA}"
EndProject
Project("{2150E333-8FDC-42A3-9474-1A3956D46DE8}") = "03. Repository", "03. Repository", "{6B02BA99-7FB7-44A4-A316-3322D1156F9A}"
EndProject
Project("{2150E333-8FDC-42A3-9474-1A3956D46DE8}") = "04. Persistence", "04. Persistence", "{95118FD6-20BE-4E75-9020-80825564BB88}"
EndProject
Project("{2150E333-8FDC-42A3-9474-1A3956D46DE8}") = "05. Common", "05. Common", "{FEA400EA-E0AC-4C47-AD8C-72EC4134495B}"
EndProject
Project("{FAE04EC0-301F-11D3-BF4B-00C04F79EFBC}") = "Api", "..\ServiceDocumentation\src\api\Api\Api.csproj", "{35985B17-B949-4A6A-8A14-8EE9F1C24256}"
EndProject
Project("{FAE04EC0-301F-11D3-BF4B-00C04F79EFBC}") = "Models", "..\ServiceDocumentation\src\domain\Models\Models.csproj", "{BCC94342-4D19-4504-9609-BF5153AFC3A8}"
EndProject
Project("{FAE04EC0-301F-11D3-BF4B-00C04F79EFBC}") = "DTOS", "..\ServiceDocumentation\src\domain\DTOS\DTOS.csproj", "{655628B7-6506-4277-893D-4CDEC46EB1D7}"
EndProject
Project("{FAE04EC0-301F-11D3-BF4B-00C04F79EFBC}") = "Helpers", "..\ServiceDocumentation\src\domain\Helpers\Helpers.csproj", "{6A0E9EDB-4337-4229-AB03-A9230C77CB24}"
EndProject
Project("{FAE04EC0-301F-11D3-BF4B-00C04F79EFBC}") = "Interface", "..\ServiceDocumentation\src\repository\Interface\Interface.csproj", "{7A170146-D987-421C-9EBA-42927D209D8C}"
EndProject
Project("{FAE04EC0-301F-11D3-BF4B-00C04F79EFBC}") = "Services", "..\ServiceDocumentation\src\repository\Services\Services.csproj", "{2FBF493D-8DF6-4E91-962D-7309B54BF2F0}"
EndProject
Project("{FAE04EC0-301F-11D3-BF4B-00C04F79EFBC}") = "Proxies", "..\ServiceDocumentation\src\repository\Proxies\Proxies.csproj", "{D67F1E5D-3476-49D8-9F28-AAD58642B492}"
EndProject
Project("{FAE04EC0-301F-11D3-BF4B-00C04F79EFBC}") = "ConfigSQLSERVER", "ConfigSQLSERVER\ConfigSQLSERVER.csproj", "{85A25320-FA39-4B1C-A716-B87156CBB1E0}"
EndProject
Global
	GlobalSection(SolutionConfigurationPlatforms) = preSolution
		Debug|Any CPU = Debug|Any CPU
		Release|Any CPU = Release|Any CPU
	EndGlobalSection
	GlobalSection(ProjectConfigurationPlatforms) = postSolution
		{35985B17-B949-4A6A-8A14-8EE9F1C24256}.Debug|Any CPU.ActiveCfg = Debug|Any CPU
		{35985B17-B949-4A6A-8A14-8EE9F1C24256}.Debug|Any CPU.Build.0 = Debug|Any CPU
		{35985B17-B949-4A6A-8A14-8EE9F1C24256}.Release|Any CPU.ActiveCfg = Release|Any CPU
		{35985B17-B949-4A6A-8A14-8EE9F1C24256}.Release|Any CPU.Build.0 = Release|Any CPU
		{BCC94342-4D19-4504-9609-BF5153AFC3A8}.Debug|Any CPU.ActiveCfg = Debug|Any CPU
		{BCC94342-4D19-4504-9609-BF5153AFC3A8}.Debug|Any CPU.Build.0 = Debug|Any CPU
		{BCC94342-4D19-4504-9609-BF5153AFC3A8}.Release|Any CPU.ActiveCfg = Release|Any CPU
		{BCC94342-4D19-4504-9609-BF5153AFC3A8}.Release|Any CPU.Build.0 = Release|Any CPU
		{655628B7-6506-4277-893D-4CDEC46EB1D7}.Debug|Any CPU.ActiveCfg = Debug|Any CPU
		{655628B7-6506-4277-893D-4CDEC46EB1D7}.Debug|Any CPU.Build.0 = Debug|Any CPU
		{655628B7-6506-4277-893D-4CDEC46EB1D7}.Release|Any CPU.ActiveCfg = Release|Any CPU
		{655628B7-6506-4277-893D-4CDEC46EB1D7}.Release|Any CPU.Build.0 = Release|Any CPU
		{6A0E9EDB-4337-4229-AB03-A9230C77CB24}.Debug|Any CPU.ActiveCfg = Debug|Any CPU
		{6A0E9EDB-4337-4229-AB03-A9230C77CB24}.Debug|Any CPU.Build.0 = Debug|Any CPU
		{6A0E9EDB-4337-4229-AB03-A9230C77CB24}.Release|Any CPU.ActiveCfg = Release|Any CPU
		{6A0E9EDB-4337-4229-AB03-A9230C77CB24}.Release|Any CPU.Build.0 = Release|Any CPU
		{7A170146-D987-421C-9EBA-42927D209D8C}.Debug|Any CPU.ActiveCfg = Debug|Any CPU
		{7A170146-D987-421C-9EBA-42927D209D8C}.Debug|Any CPU.Build.0 = Debug|Any CPU
		{7A170146-D987-421C-9EBA-42927D209D8C}.Release|Any CPU.ActiveCfg = Release|Any CPU
		{7A170146-D987-421C-9EBA-42927D209D8C}.Release|Any CPU.Build.0 = Release|Any CPU
		{2FBF493D-8DF6-4E91-962D-7309B54BF2F0}.Debug|Any CPU.ActiveCfg = Debug|Any CPU
		{2FBF493D-8DF6-4E91-962D-7309B54BF2F0}.Debug|Any CPU.Build.0 = Debug|Any CPU
		{2FBF493D-8DF6-4E91-962D-7309B54BF2F0}.Release|Any CPU.ActiveCfg = Release|Any CPU
		{2FBF493D-8DF6-4E91-962D-7309B54BF2F0}.Release|Any CPU.Build.0 = Release|Any CPU
		{D67F1E5D-3476-49D8-9F28-AAD58642B492}.Debug|Any CPU.ActiveCfg = Debug|Any CPU
		{D67F1E5D-3476-49D8-9F28-AAD58642B492}.Debug|Any CPU.Build.0 = Debug|Any CPU
		{D67F1E5D-3476-49D8-9F28-AAD58642B492}.Release|Any CPU.ActiveCfg = Release|Any CPU
		{D67F1E5D-3476-49D8-9F28-AAD58642B492}.Release|Any CPU.Build.0 = Release|Any CPU
		{85A25320-FA39-4B1C-A716-B87156CBB1E0}.Debug|Any CPU.ActiveCfg = Debug|Any CPU
		{85A25320-FA39-4B1C-A716-B87156CBB1E0}.Debug|Any CPU.Build.0 = Debug|Any CPU
		{85A25320-FA39-4B1C-A716-B87156CBB1E0}.Release|Any CPU.ActiveCfg = Release|Any CPU
		{85A25320-FA39-4B1C-A716-B87156CBB1E0}.Release|Any CPU.Build.0 = Release|Any CPU
	EndGlobalSection
	GlobalSection(SolutionProperties) = preSolution
		HideSolutionNode = FALSE
	EndGlobalSection
	GlobalSection(NestedProjects) = preSolution
		{35985B17-B949-4A6A-8A14-8EE9F1C24256} = {5700138C-517A-459B-A34D-EC223611D646}
		{BCC94342-4D19-4504-9609-BF5153AFC3A8} = {174DC536-CCFC-45D1-A1DD-DC89558AA4EA}
		{655628B7-6506-4277-893D-4CDEC46EB1D7} = {174DC536-CCFC-45D1-A1DD-DC89558AA4EA}
		{6A0E9EDB-4337-4229-AB03-A9230C77CB24} = {174DC536-CCFC-45D1-A1DD-DC89558AA4EA}
		{7A170146-D987-421C-9EBA-42927D209D8C} = {6B02BA99-7FB7-44A4-A316-3322D1156F9A}
		{2FBF493D-8DF6-4E91-962D-7309B54BF2F0} = {6B02BA99-7FB7-44A4-A316-3322D1156F9A}
		{D67F1E5D-3476-49D8-9F28-AAD58642B492} = {6B02BA99-7FB7-44A4-A316-3322D1156F9A}
		{85A25320-FA39-4B1C-A716-B87156CBB1E0} = {95118FD6-20BE-4E75-9020-80825564BB88}
	EndGlobalSection
	GlobalSection(ExtensibilityGlobals) = postSolution
		SolutionGuid = {CBB884DB-0896-48E1-BF2B-0673173DF6C1}
	EndGlobalSection
EndGlobal
